
Microsoft Visual Studio Solution File, Format Version 12.00
# Visual Studio Version 17
VisualStudioVersion = 17.8.34330.188
MinimumVisualStudioVersion = 10.0.40219.1
Project("{9A19103F-16F7-4668-BE54-9A1E7A4F7556}") = "UI", "UI\UI.csproj", "{34ECE10F-9A03-44A4-B46A-90D1D2651B49}"
EndProject
Project("{9A19103F-16F7-4668-BE54-9A1E7A4F7556}") = "ApiPraticien", "ApiPraticien\ApiPraticien.csproj", "{98855468-6343-4894-BE4A-AB9CEA70BD6A}"
EndProject
Project("{9A19103F-16F7-4668-BE54-9A1E7A4F7556}") = "ApiRdv", "ApiRdv\ApiRdv.csproj", "{B4A579B9-49EF-48EB-BE1E-DF01949DA16A}"
EndProject
Project("{9A19103F-16F7-4668-BE54-9A1E7A4F7556}") = "ApiGateWay", "ApiGateWay\ApiGateWay.csproj", "{C1C33993-4B40-4F5D-A682-7CB7FBEF29BD}"
EndProject
Project("{FAE04EC0-301F-11D3-BF4B-00C04F79EFBC}") = "TestApiRdv", "TestApiRdv\TestApiRdv.csproj", "{F761DFA1-8E47-4ADD-A38E-604235E05E9D}"
EndProject
Project("{FAE04EC0-301F-11D3-BF4B-00C04F79EFBC}") = "TestApiPraticien", "TestApiPraticien\TestApiPraticien.csproj", "{C9C354F5-7476-49A5-92C2-71D1F957C73D}"
EndProject
Global
	GlobalSection(SolutionConfigurationPlatforms) = preSolution
		Debug|Any CPU = Debug|Any CPU
		Release|Any CPU = Release|Any CPU
	EndGlobalSection
	GlobalSection(ProjectConfigurationPlatforms) = postSolution
		{34ECE10F-9A03-44A4-B46A-90D1D2651B49}.Debug|Any CPU.ActiveCfg = Debug|Any CPU
		{34ECE10F-9A03-44A4-B46A-90D1D2651B49}.Debug|Any CPU.Build.0 = Debug|Any CPU
		{34ECE10F-9A03-44A4-B46A-90D1D2651B49}.Release|Any CPU.ActiveCfg = Release|Any CPU
		{34ECE10F-9A03-44A4-B46A-90D1D2651B49}.Release|Any CPU.Build.0 = Release|Any CPU
		{98855468-6343-4894-BE4A-AB9CEA70BD6A}.Debug|Any CPU.ActiveCfg = Debug|Any CPU
		{98855468-6343-4894-BE4A-AB9CEA70BD6A}.Debug|Any CPU.Build.0 = Debug|Any CPU
		{98855468-6343-4894-BE4A-AB9CEA70BD6A}.Release|Any CPU.ActiveCfg = Release|Any CPU
		{98855468-6343-4894-BE4A-AB9CEA70BD6A}.Release|Any CPU.Build.0 = Release|Any CPU
		{B4A579B9-49EF-48EB-BE1E-DF01949DA16A}.Debug|Any CPU.ActiveCfg = Debug|Any CPU
		{B4A579B9-49EF-48EB-BE1E-DF01949DA16A}.Debug|Any CPU.Build.0 = Debug|Any CPU
		{B4A579B9-49EF-48EB-BE1E-DF01949DA16A}.Release|Any CPU.ActiveCfg = Release|Any CPU
		{B4A579B9-49EF-48EB-BE1E-DF01949DA16A}.Release|Any CPU.Build.0 = Release|Any CPU
		{C1C33993-4B40-4F5D-A682-7CB7FBEF29BD}.Debug|Any CPU.ActiveCfg = Debug|Any CPU
		{C1C33993-4B40-4F5D-A682-7CB7FBEF29BD}.Debug|Any CPU.Build.0 = Debug|Any CPU
		{C1C33993-4B40-4F5D-A682-7CB7FBEF29BD}.Release|Any CPU.ActiveCfg = Release|Any CPU
		{C1C33993-4B40-4F5D-A682-7CB7FBEF29BD}.Release|Any CPU.Build.0 = Release|Any CPU
		{F761DFA1-8E47-4ADD-A38E-604235E05E9D}.Debug|Any CPU.ActiveCfg = Debug|Any CPU
		{F761DFA1-8E47-4ADD-A38E-604235E05E9D}.Debug|Any CPU.Build.0 = Debug|Any CPU
		{F761DFA1-8E47-4ADD-A38E-604235E05E9D}.Release|Any CPU.ActiveCfg = Release|Any CPU
		{F761DFA1-8E47-4ADD-A38E-604235E05E9D}.Release|Any CPU.Build.0 = Release|Any CPU
		{C9C354F5-7476-49A5-92C2-71D1F957C73D}.Debug|Any CPU.ActiveCfg = Debug|Any CPU
		{C9C354F5-7476-49A5-92C2-71D1F957C73D}.Debug|Any CPU.Build.0 = Debug|Any CPU
		{C9C354F5-7476-49A5-92C2-71D1F957C73D}.Release|Any CPU.ActiveCfg = Release|Any CPU
		{C9C354F5-7476-49A5-92C2-71D1F957C73D}.Release|Any CPU.Build.0 = Release|Any CPU
	EndGlobalSection
	GlobalSection(SolutionProperties) = preSolution
		HideSolutionNode = FALSE
	EndGlobalSection
	GlobalSection(ExtensibilityGlobals) = postSolution
		SolutionGuid = {EAAF23C6-C5D8-48D9-82FA-D68642D6C77D}
	EndGlobalSection
EndGlobal
